// !$*UTF8*$!
{
	archiveVersion = 1;
	classes = {
	};
	objectVersion = 46;
	objects = {

/* Begin PBXBuildFile section */
		6A2643541D67D7D000BF64C2 /* AppDelegate.swift in Sources */ = {isa = PBXBuildFile; fileRef = 6A2643531D67D7D000BF64C2 /* AppDelegate.swift */; };
		6A2643561D67D7D000BF64C2 /* ImageDetailViewController.swift in Sources */ = {isa = PBXBuildFile; fileRef = 6A2643551D67D7D000BF64C2 /* ImageDetailViewController.swift */; };
		6A2643591D67D7D000BF64C2 /* Main.storyboard in Resources */ = {isa = PBXBuildFile; fileRef = 6A2643571D67D7D000BF64C2 /* Main.storyboard */; };
		6A26435B1D67D7D000BF64C2 /* Assets.xcassets in Resources */ = {isa = PBXBuildFile; fileRef = 6A26435A1D67D7D000BF64C2 /* Assets.xcassets */; };
		6A26435E1D67D7D000BF64C2 /* LaunchScreen.storyboard in Resources */ = {isa = PBXBuildFile; fileRef = 6A26435C1D67D7D000BF64C2 /* LaunchScreen.storyboard */; };
		6A2643661D6BB40E00BF64C2 /* CollectionViewController.swift in Sources */ = {isa = PBXBuildFile; fileRef = 6A2643651D6BB40E00BF64C2 /* CollectionViewController.swift */; };
		6A75FB701D7811ED008BADBE /* Pokemon.swift in Sources */ = {isa = PBXBuildFile; fileRef = 6A75FB6E1D7811ED008BADBE /* Pokemon.swift */; };
		6A75FB731D7817F5008BADBE /* Pokemon+CoreDataProperties.swift in Sources */ = {isa = PBXBuildFile; fileRef = 6A75FB711D7817F5008BADBE /* Pokemon+CoreDataProperties.swift */; };
		6A75FB781D796ADF008BADBE /* PokemonDataProvider.swift in Sources */ = {isa = PBXBuildFile; fileRef = 6A75FB771D796ADF008BADBE /* PokemonDataProvider.swift */; };
		6A75FB7A1D7A2C5B008BADBE /* UIViewControllerExtension.swift in Sources */ = {isa = PBXBuildFile; fileRef = 6A75FB791D7A2C5B008BADBE /* UIViewControllerExtension.swift */; };
		6A7A573C1D74D9630002AF97 /* PokeAPI.swift in Sources */ = {isa = PBXBuildFile; fileRef = 6A7A573B1D74D9630002AF97 /* PokeAPI.swift */; };
		6A7A573F1D74DE920002AF97 /* PokemonModel.xcdatamodeld in Sources */ = {isa = PBXBuildFile; fileRef = 6A7A573D1D74DE920002AF97 /* PokemonModel.xcdatamodeld */; };
		6A7A57431D74DF3F0002AF97 /* CoreDataStack.swift in Sources */ = {isa = PBXBuildFile; fileRef = 6A7A57421D74DF3F0002AF97 /* CoreDataStack.swift */; };
		6A7A57471D74ECB30002AF97 /* CollectionViewCell.swift in Sources */ = {isa = PBXBuildFile; fileRef = 6A7A57461D74ECB30002AF97 /* CollectionViewCell.swift */; };
		6A7A57491D74F2E20002AF97 /* PokeAPIConstants.swift in Sources */ = {isa = PBXBuildFile; fileRef = 6A7A57481D74F2E20002AF97 /* PokeAPIConstants.swift */; };
/* End PBXBuildFile section */

/* Begin PBXFileReference section */
		6A2643501D67D7D000BF64C2 /* Pokedex.temp_caseinsensitive_rename.app */ = {isa = PBXFileReference; explicitFileType = wrapper.application; includeInIndex = 0; path = Pokedex.temp_caseinsensitive_rename.app; sourceTree = BUILT_PRODUCTS_DIR; };
		6A2643531D67D7D000BF64C2 /* AppDelegate.swift */ = {isa = PBXFileReference; lastKnownFileType = sourcecode.swift; path = AppDelegate.swift; sourceTree = "<group>"; };
		6A2643551D67D7D000BF64C2 /* ImageDetailViewController.swift */ = {isa = PBXFileReference; lastKnownFileType = sourcecode.swift; path = ImageDetailViewController.swift; sourceTree = "<group>"; };
		6A2643581D67D7D000BF64C2 /* Base */ = {isa = PBXFileReference; lastKnownFileType = file.storyboard; name = Base; path = Base.lproj/Main.storyboard; sourceTree = "<group>"; };
		6A26435A1D67D7D000BF64C2 /* Assets.xcassets */ = {isa = PBXFileReference; lastKnownFileType = folder.assetcatalog; path = Assets.xcassets; sourceTree = "<group>"; };
		6A26435D1D67D7D000BF64C2 /* Base */ = {isa = PBXFileReference; lastKnownFileType = file.storyboard; name = Base; path = Base.lproj/LaunchScreen.storyboard; sourceTree = "<group>"; };
		6A26435F1D67D7D000BF64C2 /* Info.plist */ = {isa = PBXFileReference; lastKnownFileType = text.plist.xml; path = Info.plist; sourceTree = "<group>"; };
		6A2643651D6BB40E00BF64C2 /* CollectionViewController.swift */ = {isa = PBXFileReference; fileEncoding = 4; lastKnownFileType = sourcecode.swift; path = CollectionViewController.swift; sourceTree = "<group>"; };
		6A75FB6E1D7811ED008BADBE /* Pokemon.swift */ = {isa = PBXFileReference; fileEncoding = 4; lastKnownFileType = sourcecode.swift; name = Pokemon.swift; path = ../Pokemon.swift; sourceTree = "<group>"; };
		6A75FB711D7817F5008BADBE /* Pokemon+CoreDataProperties.swift */ = {isa = PBXFileReference; fileEncoding = 4; lastKnownFileType = sourcecode.swift; path = "Pokemon+CoreDataProperties.swift"; sourceTree = "<group>"; };
		6A75FB771D796ADF008BADBE /* PokemonDataProvider.swift */ = {isa = PBXFileReference; fileEncoding = 4; lastKnownFileType = sourcecode.swift; path = PokemonDataProvider.swift; sourceTree = "<group>"; };
		6A75FB791D7A2C5B008BADBE /* UIViewControllerExtension.swift */ = {isa = PBXFileReference; fileEncoding = 4; lastKnownFileType = sourcecode.swift; path = UIViewControllerExtension.swift; sourceTree = "<group>"; };
		6A7A573B1D74D9630002AF97 /* PokeAPI.swift */ = {isa = PBXFileReference; fileEncoding = 4; lastKnownFileType = sourcecode.swift; path = PokeAPI.swift; sourceTree = "<group>"; };
		6A7A573E1D74DE920002AF97 /* PokemonModel.xcdatamodel */ = {isa = PBXFileReference; lastKnownFileType = wrapper.xcdatamodel; path = PokemonModel.xcdatamodel; sourceTree = "<group>"; };
		6A7A57421D74DF3F0002AF97 /* CoreDataStack.swift */ = {isa = PBXFileReference; fileEncoding = 4; lastKnownFileType = sourcecode.swift; path = CoreDataStack.swift; sourceTree = "<group>"; };
		6A7A57461D74ECB30002AF97 /* CollectionViewCell.swift */ = {isa = PBXFileReference; fileEncoding = 4; lastKnownFileType = sourcecode.swift; path = CollectionViewCell.swift; sourceTree = "<group>"; };
		6A7A57481D74F2E20002AF97 /* PokeAPIConstants.swift */ = {isa = PBXFileReference; fileEncoding = 4; lastKnownFileType = sourcecode.swift; path = PokeAPIConstants.swift; sourceTree = "<group>"; };
/* End PBXFileReference section */

/* Begin PBXFrameworksBuildPhase section */
		6A26434D1D67D7D000BF64C2 /* Frameworks */ = {
			isa = PBXFrameworksBuildPhase;
			buildActionMask = 2147483647;
			files = (
			);
			runOnlyForDeploymentPostprocessing = 0;
		};
/* End PBXFrameworksBuildPhase section */

/* Begin PBXGroup section */
		6A2643471D67D7D000BF64C2 = {
			isa = PBXGroup;
			children = (
				6A2643521D67D7D000BF64C2 /* Pokedex */,
				6A2643511D67D7D000BF64C2 /* Products */,
			);
			sourceTree = "<group>";
		};
		6A2643511D67D7D000BF64C2 /* Products */ = {
			isa = PBXGroup;
			children = (
				6A2643501D67D7D000BF64C2 /* Pokedex.temp_caseinsensitive_rename.app */,
			);
			name = Products;
			sourceTree = "<group>";
		};
		6A2643521D67D7D000BF64C2 /* Pokedex */ = {
			isa = PBXGroup;
			children = (
				6A75FB691D781036008BADBE /* Supporting Files */,
				6A75FB6A1D781048008BADBE /* Controller */,
				6A75FB6C1D781067008BADBE /* View */,
				6A75FB6B1D78105C008BADBE /* Model */,
			);
			name = Pokedex;
			path = pokedex;
			sourceTree = "<group>";
		};
		6A75FB691D781036008BADBE /* Supporting Files */ = {
			isa = PBXGroup;
			children = (
				6A2643531D67D7D000BF64C2 /* AppDelegate.swift */,
				6A26435A1D67D7D000BF64C2 /* Assets.xcassets */,
				6A26435F1D67D7D000BF64C2 /* Info.plist */,
			);
			name = "Supporting Files";
			sourceTree = "<group>";
		};
		6A75FB6A1D781048008BADBE /* Controller */ = {
			isa = PBXGroup;
			children = (
				6A2643551D67D7D000BF64C2 /* ImageDetailViewController.swift */,
				6A2643651D6BB40E00BF64C2 /* CollectionViewController.swift */,
			);
			name = Controller;
			sourceTree = "<group>";
		};
		6A75FB6B1D78105C008BADBE /* Model */ = {
			isa = PBXGroup;
			children = (
				6A75FB771D796ADF008BADBE /* PokemonDataProvider.swift */,
				6A75FB711D7817F5008BADBE /* Pokemon+CoreDataProperties.swift */,
				6A75FB6E1D7811ED008BADBE /* Pokemon.swift */,
				6A7A573B1D74D9630002AF97 /* PokeAPI.swift */,
				6A7A573D1D74DE920002AF97 /* PokemonModel.xcdatamodeld */,
				6A7A57421D74DF3F0002AF97 /* CoreDataStack.swift */,
				6A7A57481D74F2E20002AF97 /* PokeAPIConstants.swift */,
			);
			name = Model;
			sourceTree = "<group>";
		};
		6A75FB6C1D781067008BADBE /* View */ = {
			isa = PBXGroup;
			children = (
				6A2643571D67D7D000BF64C2 /* Main.storyboard */,
				6A26435C1D67D7D000BF64C2 /* LaunchScreen.storyboard */,
				6A7A57461D74ECB30002AF97 /* CollectionViewCell.swift */,
				6A75FB791D7A2C5B008BADBE /* UIViewControllerExtension.swift */,
			);
			name = View;
			sourceTree = "<group>";
		};
/* End PBXGroup section */

/* Begin PBXNativeTarget section */
		6A26434F1D67D7D000BF64C2 /* pokedex */ = {
			isa = PBXNativeTarget;
			buildConfigurationList = 6A2643621D67D7D000BF64C2 /* Build configuration list for PBXNativeTarget "pokedex" */;
			buildPhases = (
				6A26434C1D67D7D000BF64C2 /* Sources */,
				6A26434D1D67D7D000BF64C2 /* Frameworks */,
				6A26434E1D67D7D000BF64C2 /* Resources */,
			);
			buildRules = (
			);
			dependencies = (
			);
			name = pokedex;
			productName = pokedex;
			productReference = 6A2643501D67D7D000BF64C2 /* Pokedex.temp_caseinsensitive_rename.app */;
			productType = "com.apple.product-type.application";
		};
/* End PBXNativeTarget section */

/* Begin PBXProject section */
		6A2643481D67D7D000BF64C2 /* Project object */ = {
			isa = PBXProject;
			attributes = {
				LastSwiftUpdateCheck = 0730;
				LastUpgradeCheck = 0730;
				ORGANIZATIONNAME = z0s;
				TargetAttributes = {
					6A26434F1D67D7D000BF64C2 = {
						CreatedOnToolsVersion = 7.3.1;
						DevelopmentTeam = 3VMET837C5;
					};
				};
			};
			buildConfigurationList = 6A26434B1D67D7D000BF64C2 /* Build configuration list for PBXProject "Pokedex" */;
			compatibilityVersion = "Xcode 3.2";
			developmentRegion = English;
			hasScannedForEncodings = 0;
			knownRegions = (
				en,
				Base,
			);
			mainGroup = 6A2643471D67D7D000BF64C2;
			productRefGroup = 6A2643511D67D7D000BF64C2 /* Products */;
			projectDirPath = "";
			projectRoot = "";
			targets = (
				6A26434F1D67D7D000BF64C2 /* pokedex */,
			);
		};
/* End PBXProject section */

/* Begin PBXResourcesBuildPhase section */
		6A26434E1D67D7D000BF64C2 /* Resources */ = {
			isa = PBXResourcesBuildPhase;
			buildActionMask = 2147483647;
			files = (
				6A26435E1D67D7D000BF64C2 /* LaunchScreen.storyboard in Resources */,
				6A26435B1D67D7D000BF64C2 /* Assets.xcassets in Resources */,
				6A2643591D67D7D000BF64C2 /* Main.storyboard in Resources */,
			);
			runOnlyForDeploymentPostprocessing = 0;
		};
/* End PBXResourcesBuildPhase section */

/* Begin PBXSourcesBuildPhase section */
		6A26434C1D67D7D000BF64C2 /* Sources */ = {
			isa = PBXSourcesBuildPhase;
			buildActionMask = 2147483647;
			files = (
				6A2643661D6BB40E00BF64C2 /* CollectionViewController.swift in Sources */,
				6A7A573C1D74D9630002AF97 /* PokeAPI.swift in Sources */,
				6A2643561D67D7D000BF64C2 /* ImageDetailViewController.swift in Sources */,
				6A7A57471D74ECB30002AF97 /* CollectionViewCell.swift in Sources */,
				6A7A57431D74DF3F0002AF97 /* CoreDataStack.swift in Sources */,
				6A75FB701D7811ED008BADBE /* Pokemon.swift in Sources */,
				6A75FB7A1D7A2C5B008BADBE /* UIViewControllerExtension.swift in Sources */,
				6A7A573F1D74DE920002AF97 /* PokemonModel.xcdatamodeld in Sources */,
				6A2643541D67D7D000BF64C2 /* AppDelegate.swift in Sources */,
				6A75FB781D796ADF008BADBE /* PokemonDataProvider.swift in Sources */,
				6A7A57491D74F2E20002AF97 /* PokeAPIConstants.swift in Sources */,
				6A75FB731D7817F5008BADBE /* Pokemon+CoreDataProperties.swift in Sources */,
			);
			runOnlyForDeploymentPostprocessing = 0;
		};
/* End PBXSourcesBuildPhase section */

/* Begin PBXVariantGroup section */
		6A2643571D67D7D000BF64C2 /* Main.storyboard */ = {
			isa = PBXVariantGroup;
			children = (
				6A2643581D67D7D000BF64C2 /* Base */,
			);
			name = Main.storyboard;
			sourceTree = "<group>";
		};
		6A26435C1D67D7D000BF64C2 /* LaunchScreen.storyboard */ = {
			isa = PBXVariantGroup;
			children = (
				6A26435D1D67D7D000BF64C2 /* Base */,
			);
			name = LaunchScreen.storyboard;
			sourceTree = "<group>";
		};
/* End PBXVariantGroup section */

/* Begin XCBuildConfiguration section */
		6A2643601D67D7D000BF64C2 /* Debug */ = {
			isa = XCBuildConfiguration;
			buildSettings = {
				ALWAYS_SEARCH_USER_PATHS = NO;
				CLANG_ANALYZER_NONNULL = YES;
				CLANG_CXX_LANGUAGE_STANDARD = "gnu++0x";
				CLANG_CXX_LIBRARY = "libc++";
				CLANG_ENABLE_MODULES = YES;
				CLANG_ENABLE_OBJC_ARC = YES;
				CLANG_WARN_BOOL_CONVERSION = YES;
				CLANG_WARN_CONSTANT_CONVERSION = YES;
				CLANG_WARN_DIRECT_OBJC_ISA_USAGE = YES_ERROR;
				CLANG_WARN_EMPTY_BODY = YES;
				CLANG_WARN_ENUM_CONVERSION = YES;
				CLANG_WARN_INT_CONVERSION = YES;
				CLANG_WARN_OBJC_ROOT_CLASS = YES_ERROR;
				CLANG_WARN_UNREACHABLE_CODE = YES;
				CLANG_WARN__DUPLICATE_METHOD_MATCH = YES;
				"CODE_SIGN_IDENTITY[sdk=iphoneos*]" = "iPhone Developer";
				COPY_PHASE_STRIP = NO;
				DEBUG_INFORMATION_FORMAT = dwarf;
				ENABLE_STRICT_OBJC_MSGSEND = YES;
				ENABLE_TESTABILITY = YES;
				GCC_C_LANGUAGE_STANDARD = gnu99;
				GCC_DYNAMIC_NO_PIC = NO;
				GCC_NO_COMMON_BLOCKS = YES;
				GCC_OPTIMIZATION_LEVEL = 0;
				GCC_PREPROCESSOR_DEFINITIONS = (
					"DEBUG=1",
					"$(inherited)",
				);
				GCC_WARN_64_TO_32_BIT_CONVERSION = YES;
				GCC_WARN_ABOUT_RETURN_TYPE = YES_ERROR;
				GCC_WARN_UNDECLARED_SELECTOR = YES;
				GCC_WARN_UNINITIALIZED_AUTOS = YES_AGGRESSIVE;
				GCC_WARN_UNUSED_FUNCTION = YES;
				GCC_WARN_UNUSED_VARIABLE = YES;
				IPHONEOS_DEPLOYMENT_TARGET = 9.3;
				MTL_ENABLE_DEBUG_INFO = YES;
				ONLY_ACTIVE_ARCH = YES;
				SDKROOT = iphoneos;
				SWIFT_OPTIMIZATION_LEVEL = "-Onone";
				TARGETED_DEVICE_FAMILY = "1,2";
			};
			name = Debug;
		};
		6A2643611D67D7D000BF64C2 /* Release */ = {
			isa = XCBuildConfiguration;
			buildSettings = {
				ALWAYS_SEARCH_USER_PATHS = NO;
				CLANG_ANALYZER_NONNULL = YES;
				CLANG_CXX_LANGUAGE_STANDARD = "gnu++0x";
				CLANG_CXX_LIBRARY = "libc++";
				CLANG_ENABLE_MODULES = YES;
				CLANG_ENABLE_OBJC_ARC = YES;
				CLANG_WARN_BOOL_CONVERSION = YES;
				CLANG_WARN_CONSTANT_CONVERSION = YES;
				CLANG_WARN_DIRECT_OBJC_ISA_USAGE = YES_ERROR;
				CLANG_WARN_EMPTY_BODY = YES;
				CLANG_WARN_ENUM_CONVERSION = YES;
				CLANG_WARN_INT_CONVERSION = YES;
				CLANG_WARN_OBJC_ROOT_CLASS = YES_ERROR;
				CLANG_WARN_UNREACHABLE_CODE = YES;
				CLANG_WARN__DUPLICATE_METHOD_MATCH = YES;
				"CODE_SIGN_IDENTITY[sdk=iphoneos*]" = "iPhone Developer";
				COPY_PHASE_STRIP = NO;
				DEBUG_INFORMATION_FORMAT = "dwarf-with-dsym";
				ENABLE_NS_ASSERTIONS = NO;
				ENABLE_STRICT_OBJC_MSGSEND = YES;
				GCC_C_LANGUAGE_STANDARD = gnu99;
				GCC_NO_COMMON_BLOCKS = YES;
				GCC_WARN_64_TO_32_BIT_CONVERSION = YES;
				GCC_WARN_ABOUT_RETURN_TYPE = YES_ERROR;
				GCC_WARN_UNDECLARED_SELECTOR = YES;
				GCC_WARN_UNINITIALIZED_AUTOS = YES_AGGRESSIVE;
				GCC_WARN_UNUSED_FUNCTION = YES;
				GCC_WARN_UNUSED_VARIABLE = YES;
				IPHONEOS_DEPLOYMENT_TARGET = 9.3;
				MTL_ENABLE_DEBUG_INFO = NO;
				SDKROOT = iphoneos;
				TARGETED_DEVICE_FAMILY = "1,2";
				VALIDATE_PRODUCT = YES;
			};
			name = Release;
		};
		6A2643631D67D7D000BF64C2 /* Debug */ = {
			isa = XCBuildConfiguration;
			buildSettings = {
				ASSETCATALOG_COMPILER_APPICON_NAME = AppIcon;
				INFOPLIST_FILE = pokedex/Info.plist;
				LD_RUNPATH_SEARCH_PATHS = "$(inherited) @executable_path/Frameworks";
				PRODUCT_BUNDLE_IDENTIFIER = com.z0s.Pokedex;
				PRODUCT_NAME = Pokedex.temp_caseinsensitive_rename;
			};
			name = Debug;
		};
		6A2643641D67D7D000BF64C2 /* Release */ = {
			isa = XCBuildConfiguration;
			buildSettings = {
				ASSETCATALOG_COMPILER_APPICON_NAME = AppIcon;
				INFOPLIST_FILE = pokedex/Info.plist;
				LD_RUNPATH_SEARCH_PATHS = "$(inherited) @executable_path/Frameworks";
				PRODUCT_BUNDLE_IDENTIFIER = com.z0s.Pokedex;
				PRODUCT_NAME = Pokedex.temp_caseinsensitive_rename;
			};
			name = Release;
		};
/* End XCBuildConfiguration section */

/* Begin XCConfigurationList section */
		6A26434B1D67D7D000BF64C2 /* Build configuration list for PBXProject "Pokedex" */ = {
			isa = XCConfigurationList;
			buildConfigurations = (
				6A2643601D67D7D000BF64C2 /* Debug */,
				6A2643611D67D7D000BF64C2 /* Release */,
			);
			defaultConfigurationIsVisible = 0;
			defaultConfigurationName = Release;
		};
		6A2643621D67D7D000BF64C2 /* Build configuration list for PBXNativeTarget "pokedex" */ = {
			isa = XCConfigurationList;
			buildConfigurations = (
				6A2643631D67D7D000BF64C2 /* Debug */,
				6A2643641D67D7D000BF64C2 /* Release */,
			);
			defaultConfigurationIsVisible = 0;
			defaultConfigurationName = Release;
		};
/* End XCConfigurationList section */

/* Begin XCVersionGroup section */
		6A7A573D1D74DE920002AF97 /* PokemonModel.xcdatamodeld */ = {
			isa = XCVersionGroup;
			children = (
				6A7A573E1D74DE920002AF97 /* PokemonModel.xcdatamodel */,
			);
			currentVersion = 6A7A573E1D74DE920002AF97 /* PokemonModel.xcdatamodel */;
			path = PokemonModel.xcdatamodeld;
			sourceTree = "<group>";
			versionGroupType = wrapper.xcdatamodel;
		};
/* End XCVersionGroup section */
	};
	rootObject = 6A2643481D67D7D000BF64C2 /* Project object */;
}
